
Microsoft Visual Studio Solution File, Format Version 12.00
# Visual Studio Version 16
VisualStudioVersion = 16.0.29411.108
MinimumVisualStudioVersion = 10.0.40219.1
Project("{FAE04EC0-301F-11D3-BF4B-00C04F79EFBC}") = "PiDevCRM.Data", "PiDevCRM.Data\PiDevCRM.Data.csproj", "{2E1D0DBB-EA8D-4F9A-B4BB-DCD6A90C03C0}"
EndProject
Project("{FAE04EC0-301F-11D3-BF4B-00C04F79EFBC}") = "PiDevCRM.Domain", "PiDevCRM.Domain\PiDevCRM.Domain.csproj", "{9428DC2C-607D-4F8D-8903-AB7AF7E627E6}"
EndProject
Project("{FAE04EC0-301F-11D3-BF4B-00C04F79EFBC}") = "PiDevCRM.Service", "PiDevCRM.Service\PiDevCRM.Service.csproj", "{5677D3F3-D067-4380-8122-D62FC91102EC}"
EndProject
Project("{FAE04EC0-301F-11D3-BF4B-00C04F79EFBC}") = "PiDevCRM.web", "PiDevCRM.web\PiDevCRM.web.csproj", "{A75CF57C-9586-4879-882A-C00E18E8C417}"
EndProject
Project("{FAE04EC0-301F-11D3-BF4B-00C04F79EFBC}") = "ServicePattern", "ServicePattern\ServicePattern.csproj", "{C0EA75FE-4A50-45B8-8FBD-2D965895F190}"
EndProject
Global
	GlobalSection(SolutionConfigurationPlatforms) = preSolution
		Debug|Any CPU = Debug|Any CPU
		Release|Any CPU = Release|Any CPU
	EndGlobalSection
	GlobalSection(ProjectConfigurationPlatforms) = postSolution
		{2E1D0DBB-EA8D-4F9A-B4BB-DCD6A90C03C0}.Debug|Any CPU.ActiveCfg = Debug|Any CPU
		{2E1D0DBB-EA8D-4F9A-B4BB-DCD6A90C03C0}.Debug|Any CPU.Build.0 = Debug|Any CPU
		{2E1D0DBB-EA8D-4F9A-B4BB-DCD6A90C03C0}.Release|Any CPU.ActiveCfg = Release|Any CPU
		{2E1D0DBB-EA8D-4F9A-B4BB-DCD6A90C03C0}.Release|Any CPU.Build.0 = Release|Any CPU
		{9428DC2C-607D-4F8D-8903-AB7AF7E627E6}.Debug|Any CPU.ActiveCfg = Debug|Any CPU
		{9428DC2C-607D-4F8D-8903-AB7AF7E627E6}.Debug|Any CPU.Build.0 = Debug|Any CPU
		{9428DC2C-607D-4F8D-8903-AB7AF7E627E6}.Release|Any CPU.ActiveCfg = Release|Any CPU
		{9428DC2C-607D-4F8D-8903-AB7AF7E627E6}.Release|Any CPU.Build.0 = Release|Any CPU
		{5677D3F3-D067-4380-8122-D62FC91102EC}.Debug|Any CPU.ActiveCfg = Debug|Any CPU
		{5677D3F3-D067-4380-8122-D62FC91102EC}.Debug|Any CPU.Build.0 = Debug|Any CPU
		{5677D3F3-D067-4380-8122-D62FC91102EC}.Release|Any CPU.ActiveCfg = Release|Any CPU
		{5677D3F3-D067-4380-8122-D62FC91102EC}.Release|Any CPU.Build.0 = Release|Any CPU
		{A75CF57C-9586-4879-882A-C00E18E8C417}.Debug|Any CPU.ActiveCfg = Debug|Any CPU
		{A75CF57C-9586-4879-882A-C00E18E8C417}.Debug|Any CPU.Build.0 = Debug|Any CPU
		{A75CF57C-9586-4879-882A-C00E18E8C417}.Release|Any CPU.ActiveCfg = Release|Any CPU
		{A75CF57C-9586-4879-882A-C00E18E8C417}.Release|Any CPU.Build.0 = Release|Any CPU
		{C0EA75FE-4A50-45B8-8FBD-2D965895F190}.Debug|Any CPU.ActiveCfg = Debug|Any CPU
		{C0EA75FE-4A50-45B8-8FBD-2D965895F190}.Debug|Any CPU.Build.0 = Debug|Any CPU
		{C0EA75FE-4A50-45B8-8FBD-2D965895F190}.Release|Any CPU.ActiveCfg = Release|Any CPU
		{C0EA75FE-4A50-45B8-8FBD-2D965895F190}.Release|Any CPU.Build.0 = Release|Any CPU
	EndGlobalSection
	GlobalSection(SolutionProperties) = preSolution
		HideSolutionNode = FALSE
	EndGlobalSection
	GlobalSection(ExtensibilityGlobals) = postSolution
		SolutionGuid = {8A8DCF2E-8C44-4F60-93B0-9DE35BA6C376}
	EndGlobalSection
EndGlobal
